// !$*UTF8*$!
{
	archiveVersion = 1;
	classes = {
	};
	objectVersion = 46;
	objects = {

/* Begin PBXBuildFile section */
		B81E6DE116F3712400EC38CB /* RCPMenuViewModel.m in Sources */ = {isa = PBXBuildFile; fileRef = B81E6DE016F3712400EC38CB /* RCPMenuViewModel.m */; };
		B81E6DE516F381BB00EC38CB /* RCPNetworkViewController.m in Sources */ = {isa = PBXBuildFile; fileRef = B81E6DE316F381BB00EC38CB /* RCPNetworkViewController.m */; };
		B81E6DE616F381BB00EC38CB /* RCPNetworkViewController.xib in Resources */ = {isa = PBXBuildFile; fileRef = B81E6DE416F381BB00EC38CB /* RCPNetworkViewController.xib */; };
		B81E6DEC16F38EC300EC38CB /* RCPTaskViewController.m in Sources */ = {isa = PBXBuildFile; fileRef = B81E6DEA16F38EC300EC38CB /* RCPTaskViewController.m */; };
		B81E6DED16F38EC300EC38CB /* RCPTaskViewController.xib in Resources */ = {isa = PBXBuildFile; fileRef = B81E6DEB16F38EC300EC38CB /* RCPTaskViewController.xib */; };
		B8310E2616F75A0F00BCEFF0 /* RCPLoginExampleViewController.m in Sources */ = {isa = PBXBuildFile; fileRef = B8310E2416F75A0F00BCEFF0 /* RCPLoginExampleViewController.m */; };
		B8310E2716F75A0F00BCEFF0 /* RCPLoginExampleViewController.xib in Resources */ = {isa = PBXBuildFile; fileRef = B8310E2516F75A0F00BCEFF0 /* RCPLoginExampleViewController.xib */; };
		B8310E2A16F75BFD00BCEFF0 /* RCPLoginViewModel.m in Sources */ = {isa = PBXBuildFile; fileRef = B8310E2916F75BFD00BCEFF0 /* RCPLoginViewModel.m */; };
		B85DF80716DAD1460008FB97 /* Cocoa.framework in Frameworks */ = {isa = PBXBuildFile; fileRef = B85DF80616DAD1460008FB97 /* Cocoa.framework */; };
		B85DF81116DAD1460008FB97 /* InfoPlist.strings in Resources */ = {isa = PBXBuildFile; fileRef = B85DF80F16DAD1460008FB97 /* InfoPlist.strings */; };
		B85DF81316DAD1460008FB97 /* main.m in Sources */ = {isa = PBXBuildFile; fileRef = B85DF81216DAD1460008FB97 /* main.m */; };
		B85DF81716DAD1460008FB97 /* Credits.rtf in Resources */ = {isa = PBXBuildFile; fileRef = B85DF81516DAD1460008FB97 /* Credits.rtf */; };
		B85DF81A16DAD1460008FB97 /* CWNTAppDelegate.m in Sources */ = {isa = PBXBuildFile; fileRef = B85DF81916DAD1460008FB97 /* CWNTAppDelegate.m */; };
		B85DF81D16DAD1470008FB97 /* MainMenu.xib in Resources */ = {isa = PBXBuildFile; fileRef = B85DF81B16DAD1470008FB97 /* MainMenu.xib */; };
		B85DF82516DAD1470008FB97 /* SenTestingKit.framework in Frameworks */ = {isa = PBXBuildFile; fileRef = B85DF82416DAD1470008FB97 /* SenTestingKit.framework */; };
		B85DF82616DAD1470008FB97 /* Cocoa.framework in Frameworks */ = {isa = PBXBuildFile; fileRef = B85DF80616DAD1460008FB97 /* Cocoa.framework */; };
		B85DF82E16DAD1470008FB97 /* InfoPlist.strings in Resources */ = {isa = PBXBuildFile; fileRef = B85DF82C16DAD1470008FB97 /* InfoPlist.strings */; };
		B85DF83116DAD1470008FB97 /* Reactive_Cocoa_PlaygroundTests.m in Sources */ = {isa = PBXBuildFile; fileRef = B85DF83016DAD1470008FB97 /* Reactive_Cocoa_PlaygroundTests.m */; };
		B8B4B62216DAF2B500F6830C /* ReactiveCocoa.framework in Frameworks */ = {isa = PBXBuildFile; fileRef = B8B4B62116DAF2B500F6830C /* ReactiveCocoa.framework */; };
		B8FE38ED16F62DF60047170C /* NSData+RACSupport.m in Sources */ = {isa = PBXBuildFile; fileRef = B8FE38E416F62DF60047170C /* NSData+RACSupport.m */; };
		B8FE38EE16F62DF60047170C /* NSFileHandle+RACSupport.m in Sources */ = {isa = PBXBuildFile; fileRef = B8FE38E616F62DF60047170C /* NSFileHandle+RACSupport.m */; };
		B8FE38EF16F62DF60047170C /* NSNotificationCenter+RACSupport.m in Sources */ = {isa = PBXBuildFile; fileRef = B8FE38E816F62DF60047170C /* NSNotificationCenter+RACSupport.m */; };
		B8FE38F016F62DF60047170C /* NSString+RACSupport.m in Sources */ = {isa = PBXBuildFile; fileRef = B8FE38EA16F62DF60047170C /* NSString+RACSupport.m */; };
		B8FE38F116F62DF60047170C /* NSTask+RACSupport.m in Sources */ = {isa = PBXBuildFile; fileRef = B8FE38EC16F62DF60047170C /* NSTask+RACSupport.m */; };
/* End PBXBuildFile section */

/* Begin PBXContainerItemProxy section */
		B85DF82716DAD1470008FB97 /* PBXContainerItemProxy */ = {
			isa = PBXContainerItemProxy;
			containerPortal = B85DF7FB16DAD1460008FB97 /* Project object */;
			proxyType = 1;
			remoteGlobalIDString = B85DF80216DAD1460008FB97;
			remoteInfo = "Reactive Cocoa Playground";
		};
/* End PBXContainerItemProxy section */

/* Begin PBXFileReference section */
		B81E6DDF16F3712400EC38CB /* RCPMenuViewModel.h */ = {isa = PBXFileReference; fileEncoding = 4; lastKnownFileType = sourcecode.c.h; path = RCPMenuViewModel.h; sourceTree = "<group>"; };
		B81E6DE016F3712400EC38CB /* RCPMenuViewModel.m */ = {isa = PBXFileReference; fileEncoding = 4; lastKnownFileType = sourcecode.c.objc; path = RCPMenuViewModel.m; sourceTree = "<group>"; };
		B81E6DE216F381BB00EC38CB /* RCPNetworkViewController.h */ = {isa = PBXFileReference; fileEncoding = 4; lastKnownFileType = sourcecode.c.h; path = RCPNetworkViewController.h; sourceTree = "<group>"; };
		B81E6DE316F381BB00EC38CB /* RCPNetworkViewController.m */ = {isa = PBXFileReference; fileEncoding = 4; lastKnownFileType = sourcecode.c.objc; path = RCPNetworkViewController.m; sourceTree = "<group>"; };
		B81E6DE416F381BB00EC38CB /* RCPNetworkViewController.xib */ = {isa = PBXFileReference; fileEncoding = 4; lastKnownFileType = file.xib; path = RCPNetworkViewController.xib; sourceTree = "<group>"; };
		B81E6DE916F38EC300EC38CB /* RCPTaskViewController.h */ = {isa = PBXFileReference; fileEncoding = 4; lastKnownFileType = sourcecode.c.h; path = RCPTaskViewController.h; sourceTree = "<group>"; };
		B81E6DEA16F38EC300EC38CB /* RCPTaskViewController.m */ = {isa = PBXFileReference; fileEncoding = 4; lastKnownFileType = sourcecode.c.objc; path = RCPTaskViewController.m; sourceTree = "<group>"; };
		B81E6DEB16F38EC300EC38CB /* RCPTaskViewController.xib */ = {isa = PBXFileReference; fileEncoding = 4; lastKnownFileType = file.xib; path = RCPTaskViewController.xib; sourceTree = "<group>"; };
		B8310E2316F75A0F00BCEFF0 /* RCPLoginExampleViewController.h */ = {isa = PBXFileReference; fileEncoding = 4; lastKnownFileType = sourcecode.c.h; path = RCPLoginExampleViewController.h; sourceTree = "<group>"; };
		B8310E2416F75A0F00BCEFF0 /* RCPLoginExampleViewController.m */ = {isa = PBXFileReference; fileEncoding = 4; lastKnownFileType = sourcecode.c.objc; path = RCPLoginExampleViewController.m; sourceTree = "<group>"; };
		B8310E2516F75A0F00BCEFF0 /* RCPLoginExampleViewController.xib */ = {isa = PBXFileReference; fileEncoding = 4; lastKnownFileType = file.xib; path = RCPLoginExampleViewController.xib; sourceTree = "<group>"; };
		B8310E2816F75BFD00BCEFF0 /* RCPLoginViewModel.h */ = {isa = PBXFileReference; fileEncoding = 4; lastKnownFileType = sourcecode.c.h; path = RCPLoginViewModel.h; sourceTree = "<group>"; };
		B8310E2916F75BFD00BCEFF0 /* RCPLoginViewModel.m */ = {isa = PBXFileReference; fileEncoding = 4; lastKnownFileType = sourcecode.c.objc; path = RCPLoginViewModel.m; sourceTree = "<group>"; };
		B85DF80316DAD1460008FB97 /* Reactive Cocoa Playground.app */ = {isa = PBXFileReference; explicitFileType = wrapper.application; includeInIndex = 0; path = "Reactive Cocoa Playground.app"; sourceTree = BUILT_PRODUCTS_DIR; };
		B85DF80616DAD1460008FB97 /* Cocoa.framework */ = {isa = PBXFileReference; lastKnownFileType = wrapper.framework; name = Cocoa.framework; path = System/Library/Frameworks/Cocoa.framework; sourceTree = SDKROOT; };
		B85DF80916DAD1460008FB97 /* AppKit.framework */ = {isa = PBXFileReference; lastKnownFileType = wrapper.framework; name = AppKit.framework; path = System/Library/Frameworks/AppKit.framework; sourceTree = SDKROOT; };
		B85DF80A16DAD1460008FB97 /* CoreData.framework */ = {isa = PBXFileReference; lastKnownFileType = wrapper.framework; name = CoreData.framework; path = System/Library/Frameworks/CoreData.framework; sourceTree = SDKROOT; };
		B85DF80B16DAD1460008FB97 /* Foundation.framework */ = {isa = PBXFileReference; lastKnownFileType = wrapper.framework; name = Foundation.framework; path = System/Library/Frameworks/Foundation.framework; sourceTree = SDKROOT; };
		B85DF80E16DAD1460008FB97 /* Reactive Cocoa Playground-Info.plist */ = {isa = PBXFileReference; lastKnownFileType = text.plist.xml; path = "Reactive Cocoa Playground-Info.plist"; sourceTree = "<group>"; };
		B85DF81016DAD1460008FB97 /* en */ = {isa = PBXFileReference; lastKnownFileType = text.plist.strings; name = en; path = en.lproj/InfoPlist.strings; sourceTree = "<group>"; };
		B85DF81216DAD1460008FB97 /* main.m */ = {isa = PBXFileReference; lastKnownFileType = sourcecode.c.objc; path = main.m; sourceTree = "<group>"; };
		B85DF81416DAD1460008FB97 /* Reactive Cocoa Playground-Prefix.pch */ = {isa = PBXFileReference; lastKnownFileType = sourcecode.c.h; path = "Reactive Cocoa Playground-Prefix.pch"; sourceTree = "<group>"; };
		B85DF81616DAD1460008FB97 /* en */ = {isa = PBXFileReference; lastKnownFileType = text.rtf; name = en; path = en.lproj/Credits.rtf; sourceTree = "<group>"; };
		B85DF81816DAD1460008FB97 /* CWNTAppDelegate.h */ = {isa = PBXFileReference; lastKnownFileType = sourcecode.c.h; path = CWNTAppDelegate.h; sourceTree = "<group>"; };
		B85DF81916DAD1460008FB97 /* CWNTAppDelegate.m */ = {isa = PBXFileReference; lastKnownFileType = sourcecode.c.objc; path = CWNTAppDelegate.m; sourceTree = "<group>"; };
		B85DF81C16DAD1470008FB97 /* en */ = {isa = PBXFileReference; lastKnownFileType = file.xib; name = en; path = en.lproj/MainMenu.xib; sourceTree = "<group>"; };
		B85DF82316DAD1470008FB97 /* Reactive Cocoa PlaygroundTests.octest */ = {isa = PBXFileReference; explicitFileType = wrapper.cfbundle; includeInIndex = 0; path = "Reactive Cocoa PlaygroundTests.octest"; sourceTree = BUILT_PRODUCTS_DIR; };
		B85DF82416DAD1470008FB97 /* SenTestingKit.framework */ = {isa = PBXFileReference; lastKnownFileType = wrapper.framework; name = SenTestingKit.framework; path = Library/Frameworks/SenTestingKit.framework; sourceTree = DEVELOPER_DIR; };
		B85DF82B16DAD1470008FB97 /* Reactive Cocoa PlaygroundTests-Info.plist */ = {isa = PBXFileReference; lastKnownFileType = text.plist.xml; path = "Reactive Cocoa PlaygroundTests-Info.plist"; sourceTree = "<group>"; };
		B85DF82D16DAD1470008FB97 /* en */ = {isa = PBXFileReference; lastKnownFileType = text.plist.strings; name = en; path = en.lproj/InfoPlist.strings; sourceTree = "<group>"; };
		B85DF82F16DAD1470008FB97 /* Reactive_Cocoa_PlaygroundTests.h */ = {isa = PBXFileReference; lastKnownFileType = sourcecode.c.h; path = Reactive_Cocoa_PlaygroundTests.h; sourceTree = "<group>"; };
		B85DF83016DAD1470008FB97 /* Reactive_Cocoa_PlaygroundTests.m */ = {isa = PBXFileReference; lastKnownFileType = sourcecode.c.objc; path = Reactive_Cocoa_PlaygroundTests.m; sourceTree = "<group>"; };
		B8B4B62116DAF2B500F6830C /* ReactiveCocoa.framework */ = {isa = PBXFileReference; lastKnownFileType = wrapper.framework; name = ReactiveCocoa.framework; path = External/ReactiveCocoa/ReactiveCocoaFramework/build/Release/ReactiveCocoa.framework; sourceTree = "<group>"; };
		B8FE38E316F62DF60047170C /* NSData+RACSupport.h */ = {isa = PBXFileReference; fileEncoding = 4; lastKnownFileType = sourcecode.c.h; name = "NSData+RACSupport.h"; path = "External/RACExtensions/NSData+RACSupport.h"; sourceTree = SOURCE_ROOT; };
		B8FE38E416F62DF60047170C /* NSData+RACSupport.m */ = {isa = PBXFileReference; fileEncoding = 4; lastKnownFileType = sourcecode.c.objc; name = "NSData+RACSupport.m"; path = "External/RACExtensions/NSData+RACSupport.m"; sourceTree = SOURCE_ROOT; };
		B8FE38E516F62DF60047170C /* NSFileHandle+RACSupport.h */ = {isa = PBXFileReference; fileEncoding = 4; lastKnownFileType = sourcecode.c.h; name = "NSFileHandle+RACSupport.h"; path = "External/RACExtensions/NSFileHandle+RACSupport.h"; sourceTree = SOURCE_ROOT; };
		B8FE38E616F62DF60047170C /* NSFileHandle+RACSupport.m */ = {isa = PBXFileReference; fileEncoding = 4; lastKnownFileType = sourcecode.c.objc; name = "NSFileHandle+RACSupport.m"; path = "External/RACExtensions/NSFileHandle+RACSupport.m"; sourceTree = SOURCE_ROOT; };
		B8FE38E716F62DF60047170C /* NSNotificationCenter+RACSupport.h */ = {isa = PBXFileReference; fileEncoding = 4; lastKnownFileType = sourcecode.c.h; name = "NSNotificationCenter+RACSupport.h"; path = "External/RACExtensions/NSNotificationCenter+RACSupport.h"; sourceTree = SOURCE_ROOT; };
		B8FE38E816F62DF60047170C /* NSNotificationCenter+RACSupport.m */ = {isa = PBXFileReference; fileEncoding = 4; lastKnownFileType = sourcecode.c.objc; name = "NSNotificationCenter+RACSupport.m"; path = "External/RACExtensions/NSNotificationCenter+RACSupport.m"; sourceTree = SOURCE_ROOT; };
		B8FE38E916F62DF60047170C /* NSString+RACSupport.h */ = {isa = PBXFileReference; fileEncoding = 4; lastKnownFileType = sourcecode.c.h; name = "NSString+RACSupport.h"; path = "External/RACExtensions/NSString+RACSupport.h"; sourceTree = SOURCE_ROOT; };
		B8FE38EA16F62DF60047170C /* NSString+RACSupport.m */ = {isa = PBXFileReference; fileEncoding = 4; lastKnownFileType = sourcecode.c.objc; name = "NSString+RACSupport.m"; path = "External/RACExtensions/NSString+RACSupport.m"; sourceTree = SOURCE_ROOT; };
		B8FE38EB16F62DF60047170C /* NSTask+RACSupport.h */ = {isa = PBXFileReference; fileEncoding = 4; lastKnownFileType = sourcecode.c.h; name = "NSTask+RACSupport.h"; path = "External/RACExtensions/NSTask+RACSupport.h"; sourceTree = SOURCE_ROOT; };
		B8FE38EC16F62DF60047170C /* NSTask+RACSupport.m */ = {isa = PBXFileReference; fileEncoding = 4; lastKnownFileType = sourcecode.c.objc; name = "NSTask+RACSupport.m"; path = "External/RACExtensions/NSTask+RACSupport.m"; sourceTree = SOURCE_ROOT; };
/* End PBXFileReference section */

/* Begin PBXFrameworksBuildPhase section */
		B85DF80016DAD1460008FB97 /* Frameworks */ = {
			isa = PBXFrameworksBuildPhase;
			buildActionMask = 2147483647;
			files = (
				B8B4B62216DAF2B500F6830C /* ReactiveCocoa.framework in Frameworks */,
				B85DF80716DAD1460008FB97 /* Cocoa.framework in Frameworks */,
			);
			runOnlyForDeploymentPostprocessing = 0;
		};
		B85DF81F16DAD1470008FB97 /* Frameworks */ = {
			isa = PBXFrameworksBuildPhase;
			buildActionMask = 2147483647;
			files = (
				B85DF82516DAD1470008FB97 /* SenTestingKit.framework in Frameworks */,
				B85DF82616DAD1470008FB97 /* Cocoa.framework in Frameworks */,
			);
			runOnlyForDeploymentPostprocessing = 0;
		};
/* End PBXFrameworksBuildPhase section */

/* Begin PBXGroup section */
		B81E6DE716F38DFF00EC38CB /* ViewControllers */ = {
			isa = PBXGroup;
			children = (
				B8310E2B16F77F3A00BCEFF0 /* Network Controller */,
				B8310E2C16F77F4D00BCEFF0 /* Task Controller */,
				B8310E2D16F77F5800BCEFF0 /* Login Controller */,
			);
			name = ViewControllers;
			sourceTree = "<group>";
		};
		B81E6DE816F38E1C00EC38CB /* View Models */ = {
			isa = PBXGroup;
			children = (
				B81E6DDF16F3712400EC38CB /* RCPMenuViewModel.h */,
				B81E6DE016F3712400EC38CB /* RCPMenuViewModel.m */,
			);
			name = "View Models";
			sourceTree = "<group>";
		};
		B8310E2B16F77F3A00BCEFF0 /* Network Controller */ = {
			isa = PBXGroup;
			children = (
				B81E6DE216F381BB00EC38CB /* RCPNetworkViewController.h */,
				B81E6DE316F381BB00EC38CB /* RCPNetworkViewController.m */,
				B81E6DE416F381BB00EC38CB /* RCPNetworkViewController.xib */,
			);
			name = "Network Controller";
			sourceTree = "<group>";
		};
		B8310E2C16F77F4D00BCEFF0 /* Task Controller */ = {
			isa = PBXGroup;
			children = (
				B81E6DE916F38EC300EC38CB /* RCPTaskViewController.h */,
				B81E6DEA16F38EC300EC38CB /* RCPTaskViewController.m */,
				B81E6DEB16F38EC300EC38CB /* RCPTaskViewController.xib */,
			);
			name = "Task Controller";
			sourceTree = "<group>";
		};
		B8310E2D16F77F5800BCEFF0 /* Login Controller */ = {
			isa = PBXGroup;
			children = (
				B8310E2816F75BFD00BCEFF0 /* RCPLoginViewModel.h */,
				B8310E2916F75BFD00BCEFF0 /* RCPLoginViewModel.m */,
				B8310E2316F75A0F00BCEFF0 /* RCPLoginExampleViewController.h */,
				B8310E2416F75A0F00BCEFF0 /* RCPLoginExampleViewController.m */,
				B8310E2516F75A0F00BCEFF0 /* RCPLoginExampleViewController.xib */,
			);
			name = "Login Controller";
			sourceTree = "<group>";
		};
		B85DF7FA16DAD1460008FB97 = {
			isa = PBXGroup;
			children = (
				B85DF80C16DAD1460008FB97 /* Reactive Cocoa Playground */,
				B85DF82916DAD1470008FB97 /* Reactive Cocoa PlaygroundTests */,
				B85DF80516DAD1460008FB97 /* Frameworks */,
				B85DF80416DAD1460008FB97 /* Products */,
			);
			sourceTree = "<group>";
		};
		B85DF80416DAD1460008FB97 /* Products */ = {
			isa = PBXGroup;
			children = (
				B85DF80316DAD1460008FB97 /* Reactive Cocoa Playground.app */,
				B85DF82316DAD1470008FB97 /* Reactive Cocoa PlaygroundTests.octest */,
			);
			name = Products;
			sourceTree = "<group>";
		};
		B85DF80516DAD1460008FB97 /* Frameworks */ = {
			isa = PBXGroup;
			children = (
				B8B4B62116DAF2B500F6830C /* ReactiveCocoa.framework */,
				B85DF80616DAD1460008FB97 /* Cocoa.framework */,
				B85DF82416DAD1470008FB97 /* SenTestingKit.framework */,
				B85DF80816DAD1460008FB97 /* Other Frameworks */,
			);
			name = Frameworks;
			sourceTree = "<group>";
		};
		B85DF80816DAD1460008FB97 /* Other Frameworks */ = {
			isa = PBXGroup;
			children = (
				B85DF80916DAD1460008FB97 /* AppKit.framework */,
				B85DF80A16DAD1460008FB97 /* CoreData.framework */,
				B85DF80B16DAD1460008FB97 /* Foundation.framework */,
			);
			name = "Other Frameworks";
			sourceTree = "<group>";
		};
		B85DF80C16DAD1460008FB97 /* Reactive Cocoa Playground */ = {
			isa = PBXGroup;
			children = (
				B8FE38E216F62DA60047170C /* RACExtensions */,
				B81E6DE816F38E1C00EC38CB /* View Models */,
				B85DF81816DAD1460008FB97 /* CWNTAppDelegate.h */,
				B85DF81916DAD1460008FB97 /* CWNTAppDelegate.m */,
				B85DF81B16DAD1470008FB97 /* MainMenu.xib */,
				B81E6DE716F38DFF00EC38CB /* ViewControllers */,
				B85DF80D16DAD1460008FB97 /* Supporting Files */,
			);
			path = "Reactive Cocoa Playground";
			sourceTree = "<group>";
		};
		B85DF80D16DAD1460008FB97 /* Supporting Files */ = {
			isa = PBXGroup;
			children = (
				B85DF80E16DAD1460008FB97 /* Reactive Cocoa Playground-Info.plist */,
				B85DF80F16DAD1460008FB97 /* InfoPlist.strings */,
				B85DF81216DAD1460008FB97 /* main.m */,
				B85DF81416DAD1460008FB97 /* Reactive Cocoa Playground-Prefix.pch */,
				B85DF81516DAD1460008FB97 /* Credits.rtf */,
			);
			name = "Supporting Files";
			sourceTree = "<group>";
		};
		B85DF82916DAD1470008FB97 /* Reactive Cocoa PlaygroundTests */ = {
			isa = PBXGroup;
			children = (
				B85DF82F16DAD1470008FB97 /* Reactive_Cocoa_PlaygroundTests.h */,
				B85DF83016DAD1470008FB97 /* Reactive_Cocoa_PlaygroundTests.m */,
				B85DF82A16DAD1470008FB97 /* Supporting Files */,
			);
			path = "Reactive Cocoa PlaygroundTests";
			sourceTree = "<group>";
		};
		B85DF82A16DAD1470008FB97 /* Supporting Files */ = {
			isa = PBXGroup;
			children = (
				B85DF82B16DAD1470008FB97 /* Reactive Cocoa PlaygroundTests-Info.plist */,
				B85DF82C16DAD1470008FB97 /* InfoPlist.strings */,
			);
			name = "Supporting Files";
			sourceTree = "<group>";
		};
		B8FE38E216F62DA60047170C /* RACExtensions */ = {
			isa = PBXGroup;
			children = (
				B8FE38E316F62DF60047170C /* NSData+RACSupport.h */,
				B8FE38E416F62DF60047170C /* NSData+RACSupport.m */,
				B8FE38E516F62DF60047170C /* NSFileHandle+RACSupport.h */,
				B8FE38E616F62DF60047170C /* NSFileHandle+RACSupport.m */,
				B8FE38E716F62DF60047170C /* NSNotificationCenter+RACSupport.h */,
				B8FE38E816F62DF60047170C /* NSNotificationCenter+RACSupport.m */,
				B8FE38E916F62DF60047170C /* NSString+RACSupport.h */,
				B8FE38EA16F62DF60047170C /* NSString+RACSupport.m */,
				B8FE38EB16F62DF60047170C /* NSTask+RACSupport.h */,
				B8FE38EC16F62DF60047170C /* NSTask+RACSupport.m */,
			);
			name = RACExtensions;
			sourceTree = "<group>";
		};
/* End PBXGroup section */

/* Begin PBXNativeTarget section */
		B85DF80216DAD1460008FB97 /* Reactive Cocoa Playground */ = {
			isa = PBXNativeTarget;
			buildConfigurationList = B85DF83416DAD1470008FB97 /* Build configuration list for PBXNativeTarget "Reactive Cocoa Playground" */;
			buildPhases = (
				B85DF7FF16DAD1460008FB97 /* Sources */,
				B85DF80016DAD1460008FB97 /* Frameworks */,
				B85DF80116DAD1460008FB97 /* Resources */,
			);
			buildRules = (
			);
			dependencies = (
			);
			name = "Reactive Cocoa Playground";
			productName = "Reactive Cocoa Playground";
			productReference = B85DF80316DAD1460008FB97 /* Reactive Cocoa Playground.app */;
			productType = "com.apple.product-type.application";
		};
		B85DF82216DAD1470008FB97 /* Reactive Cocoa PlaygroundTests */ = {
			isa = PBXNativeTarget;
			buildConfigurationList = B85DF83716DAD1470008FB97 /* Build configuration list for PBXNativeTarget "Reactive Cocoa PlaygroundTests" */;
			buildPhases = (
				B85DF81E16DAD1470008FB97 /* Sources */,
				B85DF81F16DAD1470008FB97 /* Frameworks */,
				B85DF82016DAD1470008FB97 /* Resources */,
				B85DF82116DAD1470008FB97 /* ShellScript */,
			);
			buildRules = (
			);
			dependencies = (
				B85DF82816DAD1470008FB97 /* PBXTargetDependency */,
			);
			name = "Reactive Cocoa PlaygroundTests";
			productName = "Reactive Cocoa PlaygroundTests";
			productReference = B85DF82316DAD1470008FB97 /* Reactive Cocoa PlaygroundTests.octest */;
			productType = "com.apple.product-type.bundle";
		};
/* End PBXNativeTarget section */

/* Begin PBXProject section */
		B85DF7FB16DAD1460008FB97 /* Project object */ = {
			isa = PBXProject;
			attributes = {
				CLASSPREFIX = CWNT;
				LastUpgradeCheck = 0460;
				ORGANIZATIONNAME = "Colin Wheeler";
			};
			buildConfigurationList = B85DF7FE16DAD1460008FB97 /* Build configuration list for PBXProject "Reactive Cocoa Playground" */;
			compatibilityVersion = "Xcode 3.2";
			developmentRegion = English;
			hasScannedForEncodings = 0;
			knownRegions = (
				en,
			);
			mainGroup = B85DF7FA16DAD1460008FB97;
			productRefGroup = B85DF80416DAD1460008FB97 /* Products */;
			projectDirPath = "";
			projectRoot = "";
			targets = (
				B85DF80216DAD1460008FB97 /* Reactive Cocoa Playground */,
				B85DF82216DAD1470008FB97 /* Reactive Cocoa PlaygroundTests */,
			);
		};
/* End PBXProject section */

/* Begin PBXResourcesBuildPhase section */
		B85DF80116DAD1460008FB97 /* Resources */ = {
			isa = PBXResourcesBuildPhase;
			buildActionMask = 2147483647;
			files = (
				B85DF81116DAD1460008FB97 /* InfoPlist.strings in Resources */,
				B85DF81716DAD1460008FB97 /* Credits.rtf in Resources */,
				B85DF81D16DAD1470008FB97 /* MainMenu.xib in Resources */,
				B81E6DE616F381BB00EC38CB /* RCPNetworkViewController.xib in Resources */,
				B81E6DED16F38EC300EC38CB /* RCPTaskViewController.xib in Resources */,
				B8310E2716F75A0F00BCEFF0 /* RCPLoginExampleViewController.xib in Resources */,
			);
			runOnlyForDeploymentPostprocessing = 0;
		};
		B85DF82016DAD1470008FB97 /* Resources */ = {
			isa = PBXResourcesBuildPhase;
			buildActionMask = 2147483647;
			files = (
				B85DF82E16DAD1470008FB97 /* InfoPlist.strings in Resources */,
			);
			runOnlyForDeploymentPostprocessing = 0;
		};
/* End PBXResourcesBuildPhase section */

/* Begin PBXShellScriptBuildPhase section */
		B85DF82116DAD1470008FB97 /* ShellScript */ = {
			isa = PBXShellScriptBuildPhase;
			buildActionMask = 2147483647;
			files = (
			);
			inputPaths = (
			);
			outputPaths = (
			);
			runOnlyForDeploymentPostprocessing = 0;
			shellPath = /bin/sh;
			shellScript = "# Run the unit tests in this test bundle.\n\"${SYSTEM_DEVELOPER_DIR}/Tools/RunUnitTests\"\n";
		};
/* End PBXShellScriptBuildPhase section */

/* Begin PBXSourcesBuildPhase section */
		B85DF7FF16DAD1460008FB97 /* Sources */ = {
			isa = PBXSourcesBuildPhase;
			buildActionMask = 2147483647;
			files = (
				B85DF81316DAD1460008FB97 /* main.m in Sources */,
				B85DF81A16DAD1460008FB97 /* CWNTAppDelegate.m in Sources */,
				B81E6DE116F3712400EC38CB /* RCPMenuViewModel.m in Sources */,
				B81E6DE516F381BB00EC38CB /* RCPNetworkViewController.m in Sources */,
				B81E6DEC16F38EC300EC38CB /* RCPTaskViewController.m in Sources */,
				B8FE38ED16F62DF60047170C /* NSData+RACSupport.m in Sources */,
				B8FE38EE16F62DF60047170C /* NSFileHandle+RACSupport.m in Sources */,
				B8FE38EF16F62DF60047170C /* NSNotificationCenter+RACSupport.m in Sources */,
				B8FE38F016F62DF60047170C /* NSString+RACSupport.m in Sources */,
				B8FE38F116F62DF60047170C /* NSTask+RACSupport.m in Sources */,
				B8310E2616F75A0F00BCEFF0 /* RCPLoginExampleViewController.m in Sources */,
				B8310E2A16F75BFD00BCEFF0 /* RCPLoginViewModel.m in Sources */,
			);
			runOnlyForDeploymentPostprocessing = 0;
		};
		B85DF81E16DAD1470008FB97 /* Sources */ = {
			isa = PBXSourcesBuildPhase;
			buildActionMask = 2147483647;
			files = (
				B85DF83116DAD1470008FB97 /* Reactive_Cocoa_PlaygroundTests.m in Sources */,
			);
			runOnlyForDeploymentPostprocessing = 0;
		};
/* End PBXSourcesBuildPhase section */

/* Begin PBXTargetDependency section */
		B85DF82816DAD1470008FB97 /* PBXTargetDependency */ = {
			isa = PBXTargetDependency;
			target = B85DF80216DAD1460008FB97 /* Reactive Cocoa Playground */;
			targetProxy = B85DF82716DAD1470008FB97 /* PBXContainerItemProxy */;
		};
/* End PBXTargetDependency section */

/* Begin PBXVariantGroup section */
		B85DF80F16DAD1460008FB97 /* InfoPlist.strings */ = {
			isa = PBXVariantGroup;
			children = (
				B85DF81016DAD1460008FB97 /* en */,
			);
			name = InfoPlist.strings;
			sourceTree = "<group>";
		};
		B85DF81516DAD1460008FB97 /* Credits.rtf */ = {
			isa = PBXVariantGroup;
			children = (
				B85DF81616DAD1460008FB97 /* en */,
			);
			name = Credits.rtf;
			sourceTree = "<group>";
		};
		B85DF81B16DAD1470008FB97 /* MainMenu.xib */ = {
			isa = PBXVariantGroup;
			children = (
				B85DF81C16DAD1470008FB97 /* en */,
			);
			name = MainMenu.xib;
			sourceTree = "<group>";
		};
		B85DF82C16DAD1470008FB97 /* InfoPlist.strings */ = {
			isa = PBXVariantGroup;
			children = (
				B85DF82D16DAD1470008FB97 /* en */,
			);
			name = InfoPlist.strings;
			sourceTree = "<group>";
		};
/* End PBXVariantGroup section */

/* Begin XCBuildConfiguration section */
		B85DF83216DAD1470008FB97 /* Debug */ = {
			isa = XCBuildConfiguration;
			buildSettings = {
				ALWAYS_SEARCH_USER_PATHS = NO;
				ARCHS = "$(ARCHS_STANDARD_64_BIT)";
				CLANG_CXX_LANGUAGE_STANDARD = "gnu++0x";
				CLANG_CXX_LIBRARY = "libc++";
				CLANG_ENABLE_OBJC_ARC = YES;
				CLANG_WARN_CONSTANT_CONVERSION = YES;
				CLANG_WARN_EMPTY_BODY = YES;
				CLANG_WARN_ENUM_CONVERSION = YES;
				CLANG_WARN_INT_CONVERSION = YES;
				CLANG_WARN__DUPLICATE_METHOD_MATCH = YES;
				COPY_PHASE_STRIP = NO;
				GCC_C_LANGUAGE_STANDARD = gnu99;
				GCC_DYNAMIC_NO_PIC = NO;
				GCC_ENABLE_OBJC_EXCEPTIONS = YES;
				GCC_OPTIMIZATION_LEVEL = 0;
				GCC_PREPROCESSOR_DEFINITIONS = (
					"DEBUG=1",
					"$(inherited)",
				);
				GCC_SYMBOLS_PRIVATE_EXTERN = NO;
				GCC_WARN_64_TO_32_BIT_CONVERSION = YES;
				GCC_WARN_ABOUT_RETURN_TYPE = YES;
				GCC_WARN_UNINITIALIZED_AUTOS = YES;
				GCC_WARN_UNUSED_VARIABLE = YES;
				MACOSX_DEPLOYMENT_TARGET = 10.7;
				ONLY_ACTIVE_ARCH = YES;
				SDKROOT = macosx;
			};
			name = Debug;
		};
		B85DF83316DAD1470008FB97 /* Release */ = {
			isa = XCBuildConfiguration;
			buildSettings = {
				ALWAYS_SEARCH_USER_PATHS = NO;
				ARCHS = "$(ARCHS_STANDARD_64_BIT)";
				CLANG_CXX_LANGUAGE_STANDARD = "gnu++0x";
				CLANG_CXX_LIBRARY = "libc++";
				CLANG_ENABLE_OBJC_ARC = YES;
				CLANG_WARN_CONSTANT_CONVERSION = YES;
				CLANG_WARN_EMPTY_BODY = YES;
				CLANG_WARN_ENUM_CONVERSION = YES;
				CLANG_WARN_INT_CONVERSION = YES;
				CLANG_WARN__DUPLICATE_METHOD_MATCH = YES;
				COPY_PHASE_STRIP = YES;
				DEBUG_INFORMATION_FORMAT = "dwarf-with-dsym";
				GCC_C_LANGUAGE_STANDARD = gnu99;
				GCC_ENABLE_OBJC_EXCEPTIONS = YES;
				GCC_WARN_64_TO_32_BIT_CONVERSION = YES;
				GCC_WARN_ABOUT_RETURN_TYPE = YES;
				GCC_WARN_UNINITIALIZED_AUTOS = YES;
				GCC_WARN_UNUSED_VARIABLE = YES;
				MACOSX_DEPLOYMENT_TARGET = 10.7;
				SDKROOT = macosx;
			};
			name = Release;
		};
		B85DF83516DAD1470008FB97 /* Debug */ = {
			isa = XCBuildConfiguration;
			buildSettings = {
				COMBINE_HIDPI_IMAGES = YES;
				GCC_PRECOMPILE_PREFIX_HEADER = YES;
				GCC_PREFIX_HEADER = "Reactive Cocoa Playground/Reactive Cocoa Playground-Prefix.pch";
				INFOPLIST_FILE = "Reactive Cocoa Playground/Reactive Cocoa Playground-Info.plist";
				PRODUCT_NAME = "$(TARGET_NAME)";
				WRAPPER_EXTENSION = app;
			};
			name = Debug;
		};
		B85DF83616DAD1470008FB97 /* Release */ = {
			isa = XCBuildConfiguration;
			buildSettings = {
				COMBINE_HIDPI_IMAGES = YES;
				GCC_PRECOMPILE_PREFIX_HEADER = YES;
				GCC_PREFIX_HEADER = "Reactive Cocoa Playground/Reactive Cocoa Playground-Prefix.pch";
				INFOPLIST_FILE = "Reactive Cocoa Playground/Reactive Cocoa Playground-Info.plist";
				PRODUCT_NAME = "$(TARGET_NAME)";
				WRAPPER_EXTENSION = app;
			};
			name = Release;
		};
		B85DF83816DAD1470008FB97 /* Debug */ = {
			isa = XCBuildConfiguration;
			buildSettings = {
				BUNDLE_LOADER = "$(BUILT_PRODUCTS_DIR)/Reactive Cocoa Playground.app/Contents/MacOS/Reactive Cocoa Playground";
				COMBINE_HIDPI_IMAGES = YES;
				FRAMEWORK_SEARCH_PATHS = "\"$(DEVELOPER_LIBRARY_DIR)/Frameworks\"";
				GCC_PRECOMPILE_PREFIX_HEADER = YES;
				GCC_PREFIX_HEADER = "Reactive Cocoa Playground/Reactive Cocoa Playground-Prefix.pch";
				INFOPLIST_FILE = "Reactive Cocoa PlaygroundTests/Reactive Cocoa PlaygroundTests-Info.plist";
				PRODUCT_NAME = "$(TARGET_NAME)";
				TEST_HOST = "$(BUNDLE_LOADER)";
				WRAPPER_EXTENSION = octest;
			};
			name = Debug;
		};
		B85DF83916DAD1470008FB97 /* Release */ = {
			isa = XCBuildConfiguration;
			buildSettings = {
				BUNDLE_LOADER = "$(BUILT_PRODUCTS_DIR)/Reactive Cocoa Playground.app/Contents/MacOS/Reactive Cocoa Playground";
				COMBINE_HIDPI_IMAGES = YES;
				FRAMEWORK_SEARCH_PATHS = "\"$(DEVELOPER_LIBRARY_DIR)/Frameworks\"";
				GCC_PRECOMPILE_PREFIX_HEADER = YES;
				GCC_PREFIX_HEADER = "Reactive Cocoa Playground/Reactive Cocoa Playground-Prefix.pch";
				INFOPLIST_FILE = "Reactive Cocoa PlaygroundTests/Reactive Cocoa PlaygroundTests-Info.plist";
				PRODUCT_NAME = "$(TARGET_NAME)";
				TEST_HOST = "$(BUNDLE_LOADER)";
				WRAPPER_EXTENSION = octest;
			};
			name = Release;
		};
/* End XCBuildConfiguration section */

/* Begin XCConfigurationList section */
		B85DF7FE16DAD1460008FB97 /* Build configuration list for PBXProject "Reactive Cocoa Playground" */ = {
			isa = XCConfigurationList;
			buildConfigurations = (
				B85DF83216DAD1470008FB97 /* Debug */,
				B85DF83316DAD1470008FB97 /* Release */,
			);
			defaultConfigurationIsVisible = 0;
			defaultConfigurationName = Release;
		};
		B85DF83416DAD1470008FB97 /* Build configuration list for PBXNativeTarget "Reactive Cocoa Playground" */ = {
			isa = XCConfigurationList;
			buildConfigurations = (
				B85DF83516DAD1470008FB97 /* Debug */,
				B85DF83616DAD1470008FB97 /* Release */,
			);
			defaultConfigurationIsVisible = 0;
			defaultConfigurationName = Release;
		};
		B85DF83716DAD1470008FB97 /* Build configuration list for PBXNativeTarget "Reactive Cocoa PlaygroundTests" */ = {
			isa = XCConfigurationList;
			buildConfigurations = (
				B85DF83816DAD1470008FB97 /* Debug */,
				B85DF83916DAD1470008FB97 /* Release */,
			);
			defaultConfigurationIsVisible = 0;
			defaultConfigurationName = Release;
		};
/* End XCConfigurationList section */
	};
	rootObject = B85DF7FB16DAD1460008FB97 /* Project object */;
}
